
Microsoft Visual Studio Solution File, Format Version 12.00
# Visual Studio Version 17
VisualStudioVersion = 17.8.34330.188
MinimumVisualStudioVersion = 10.0.40219.1
Project("{FAE04EC0-301F-11D3-BF4B-00C04F79EFBC}") = "Munir015_Green_spaces_Finder.Server", "Munir015_Green_spaces_Finder\Server\Munir015_Green_spaces_Finder.Server.csproj", "{5FA67A52-216D-4668-9243-9AAAD094E893}"
EndProject
Project("{FAE04EC0-301F-11D3-BF4B-00C04F79EFBC}") = "Munir015_Green_spaces_Finder.Client", "Munir015_Green_spaces_Finder\Client\Munir015_Green_spaces_Finder.Client.csproj", "{A45D706D-46FB-44B4-B455-0B9B699141FB}"
EndProject
Project("{FAE04EC0-301F-11D3-BF4B-00C04F79EFBC}") = "Munir015_Green_spaces_Finder.Shared", "Munir015_Green_spaces_Finder\Shared\Munir015_Green_spaces_Finder.Shared.csproj", "{EF9CEAFB-F0A8-4F57-9942-6ABAD42826B8}"
EndProject
Global
	GlobalSection(SolutionConfigurationPlatforms) = preSolution
		Debug|Any CPU = Debug|Any CPU
		Release|Any CPU = Release|Any CPU
	EndGlobalSection
	GlobalSection(ProjectConfigurationPlatforms) = postSolution
		{5FA67A52-216D-4668-9243-9AAAD094E893}.Debug|Any CPU.ActiveCfg = Debug|Any CPU
		{5FA67A52-216D-4668-9243-9AAAD094E893}.Debug|Any CPU.Build.0 = Debug|Any CPU
		{5FA67A52-216D-4668-9243-9AAAD094E893}.Release|Any CPU.ActiveCfg = Release|Any CPU
		{5FA67A52-216D-4668-9243-9AAAD094E893}.Release|Any CPU.Build.0 = Release|Any CPU
		{A45D706D-46FB-44B4-B455-0B9B699141FB}.Debug|Any CPU.ActiveCfg = Debug|Any CPU
		{A45D706D-46FB-44B4-B455-0B9B699141FB}.Debug|Any CPU.Build.0 = Debug|Any CPU
		{A45D706D-46FB-44B4-B455-0B9B699141FB}.Release|Any CPU.ActiveCfg = Release|Any CPU
		{A45D706D-46FB-44B4-B455-0B9B699141FB}.Release|Any CPU.Build.0 = Release|Any CPU
		{EF9CEAFB-F0A8-4F57-9942-6ABAD42826B8}.Debug|Any CPU.ActiveCfg = Debug|Any CPU
		{EF9CEAFB-F0A8-4F57-9942-6ABAD42826B8}.Debug|Any CPU.Build.0 = Debug|Any CPU
		{EF9CEAFB-F0A8-4F57-9942-6ABAD42826B8}.Release|Any CPU.ActiveCfg = Release|Any CPU
		{EF9CEAFB-F0A8-4F57-9942-6ABAD42826B8}.Release|Any CPU.Build.0 = Release|Any CPU
	EndGlobalSection
	GlobalSection(SolutionProperties) = preSolution
		HideSolutionNode = FALSE
	EndGlobalSection
	GlobalSection(ExtensibilityGlobals) = postSolution
		SolutionGuid = {D0651491-42AC-4B88-976E-205D7EBE8A95}
	EndGlobalSection
EndGlobal
